{
  "name": "Ecom-backend",
  "lockfileVersion": 3,
  "requires": true,
  "packages": {
    "": {
      "dependencies": {
        "@paystack/inline-js": "^2.19.2",
        "@paystack/paystack-sdk": "^1.0.1"
      }
    },
    "node_modules/@paystack/inline-js": {
      "version": "2.19.2",
      "resolved": "https://registry.npmjs.org/@paystack/inline-js/-/inline-js-2.19.2.tgz",
      "integrity": "sha512-udMohLJ6qMeErwR6DMXh66K+Dhjrhst2w70ssh6M4ZAxQGQC1+NFcPNHsoo5UaGG3L6bFl9yOnpkEFiTJIubpw==",
      "engines": {
        "node": ">= 18.0.0",
        "npm": ">= 10.0.0"
      }
    },
    "node_modules/@paystack/paystack-sdk": {
      "version": "1.0.1",
      "resolved": "https://registry.npmjs.org/@paystack/paystack-sdk/-/paystack-sdk-1.0.1.tgz",
      "integrity": "sha512-IZT3KI8O6yX+ZFLK2WYq/IjhYduxCWkqh0HesJcSD1TUcHYyoi8iREiM02Qg+nnVCiPaTKdAw7Ogfeg9eVp9wA=="
    }
  }
}
